
Microsoft Visual Studio Solution File, Format Version 12.00
# Visual Studio Version 16
VisualStudioVersion = 16.0.29411.108
MinimumVisualStudioVersion = 10.0.40219.1
Project("{FAE04EC0-301F-11D3-BF4B-00C04F79EFBC}") = "WebApplication15", "WebApplication15\WebApplication15.csproj", "{B7EA671C-CAEE-42F8-9DF8-53820120EE0A}"
EndProject
Global
	GlobalSection(SolutionConfigurationPlatforms) = preSolution
		Debug|Any CPU = Debug|Any CPU
		Release|Any CPU = Release|Any CPU
	EndGlobalSection
	GlobalSection(ProjectConfigurationPlatforms) = postSolution
		{B7EA671C-CAEE-42F8-9DF8-53820120EE0A}.Debug|Any CPU.ActiveCfg = Debug|Any CPU
		{B7EA671C-CAEE-42F8-9DF8-53820120EE0A}.Debug|Any CPU.Build.0 = Debug|Any CPU
		{B7EA671C-CAEE-42F8-9DF8-53820120EE0A}.Release|Any CPU.ActiveCfg = Release|Any CPU
		{B7EA671C-CAEE-42F8-9DF8-53820120EE0A}.Release|Any CPU.Build.0 = Release|Any CPU
	EndGlobalSection
	GlobalSection(SolutionProperties) = preSolution
		HideSolutionNode = FALSE
	EndGlobalSection
	GlobalSection(ExtensibilityGlobals) = postSolution
		SolutionGuid = {807900EE-5A1C-4F9D-8AEF-E9942638056F}
	EndGlobalSection
EndGlobal
