
Microsoft Visual Studio Solution File, Format Version 12.00
# Visual Studio Version 16
VisualStudioVersion = 16.0.29324.140
MinimumVisualStudioVersion = 10.0.40219.1
Project("{FAE04EC0-301F-11D3-BF4B-00C04F79EFBC}") = "WebApplication8", "WebApplication8\WebApplication8.csproj", "{96D6235A-23B5-4A0E-A413-B0479567049E}"
EndProject
Global
	GlobalSection(SolutionConfigurationPlatforms) = preSolution
		Debug|Any CPU = Debug|Any CPU
		Release|Any CPU = Release|Any CPU
	EndGlobalSection
	GlobalSection(ProjectConfigurationPlatforms) = postSolution
		{96D6235A-23B5-4A0E-A413-B0479567049E}.Debug|Any CPU.ActiveCfg = Debug|Any CPU
		{96D6235A-23B5-4A0E-A413-B0479567049E}.Debug|Any CPU.Build.0 = Debug|Any CPU
		{96D6235A-23B5-4A0E-A413-B0479567049E}.Release|Any CPU.ActiveCfg = Release|Any CPU
		{96D6235A-23B5-4A0E-A413-B0479567049E}.Release|Any CPU.Build.0 = Release|Any CPU
	EndGlobalSection
	GlobalSection(SolutionProperties) = preSolution
		HideSolutionNode = FALSE
	EndGlobalSection
	GlobalSection(ExtensibilityGlobals) = postSolution
		SolutionGuid = {51843C56-7F69-4559-98C9-44E9201A9124}
	EndGlobalSection
EndGlobal
